
Microsoft Visual Studio Solution File, Format Version 12.00
# Visual Studio 15
VisualStudioVersion = 15.0.27703.2035
MinimumVisualStudioVersion = 10.0.40219.1
Project("{8BC9CEB8-8B4A-11D0-8D11-00A0C91BC942}") = "Stack1", "Stack1\Stack1.vcxproj", "{29DD98D0-651F-4A33-A802-D7C57390FF45}"
EndProject
Global
	GlobalSection(SolutionConfigurationPlatforms) = preSolution
		Debug|x64 = Debug|x64
		Debug|x86 = Debug|x86
		Release|x64 = Release|x64
		Release|x86 = Release|x86
	EndGlobalSection
	GlobalSection(ProjectConfigurationPlatforms) = postSolution
		{29DD98D0-651F-4A33-A802-D7C57390FF45}.Debug|x64.ActiveCfg = Debug|x64
		{29DD98D0-651F-4A33-A802-D7C57390FF45}.Debug|x64.Build.0 = Debug|x64
		{29DD98D0-651F-4A33-A802-D7C57390FF45}.Debug|x86.ActiveCfg = Debug|Win32
		{29DD98D0-651F-4A33-A802-D7C57390FF45}.Debug|x86.Build.0 = Debug|Win32
		{29DD98D0-651F-4A33-A802-D7C57390FF45}.Release|x64.ActiveCfg = Release|x64
		{29DD98D0-651F-4A33-A802-D7C57390FF45}.Release|x64.Build.0 = Release|x64
		{29DD98D0-651F-4A33-A802-D7C57390FF45}.Release|x86.ActiveCfg = Release|Win32
		{29DD98D0-651F-4A33-A802-D7C57390FF45}.Release|x86.Build.0 = Release|Win32
	EndGlobalSection
	GlobalSection(SolutionProperties) = preSolution
		HideSolutionNode = FALSE
	EndGlobalSection
	GlobalSection(ExtensibilityGlobals) = postSolution
		SolutionGuid = {F09DEE5D-0364-4CED-A389-5C3408929CD7}
	EndGlobalSection
EndGlobal
